
Microsoft Visual Studio Solution File, Format Version 12.00
# Visual Studio 14
VisualStudioVersion = 14.0.25123.0
MinimumVisualStudioVersion = 10.0.40219.1
Project("{FAE04EC0-301F-11D3-BF4B-00C04F79EFBC}") = "DexCMS.Mileage", "DexCMS.Mileage\DexCMS.Mileage.csproj", "{DE09B9C5-88DA-4558-ABC1-98B08208AF8C}"
EndProject
Project("{FAE04EC0-301F-11D3-BF4B-00C04F79EFBC}") = "DexCMS.Mileage.WebApi", "DexCMS.Mileage.WebApi\DexCMS.Mileage.WebApi.csproj", "{DACB5F51-B5B5-485B-96CD-1596A1DCAFD0}"
EndProject
Project("{2150E333-8FDC-42A3-9474-1A3956D46DE8}") = "Solution Items", "Solution Items", "{315AA25E-600F-475D-A1B9-1601EE864FE5}"
	ProjectSection(SolutionItems) = preProject
		gruntfile.js = gruntfile.js
		package.json = package.json
		Readme.md = Readme.md
	EndProjectSection
EndProject
Global
	GlobalSection(SolutionConfigurationPlatforms) = preSolution
		Debug|Any CPU = Debug|Any CPU
		Release|Any CPU = Release|Any CPU
	EndGlobalSection
	GlobalSection(ProjectConfigurationPlatforms) = postSolution
		{DE09B9C5-88DA-4558-ABC1-98B08208AF8C}.Debug|Any CPU.ActiveCfg = Debug|Any CPU
		{DE09B9C5-88DA-4558-ABC1-98B08208AF8C}.Debug|Any CPU.Build.0 = Debug|Any CPU
		{DE09B9C5-88DA-4558-ABC1-98B08208AF8C}.Release|Any CPU.ActiveCfg = Release|Any CPU
		{DE09B9C5-88DA-4558-ABC1-98B08208AF8C}.Release|Any CPU.Build.0 = Release|Any CPU
		{DACB5F51-B5B5-485B-96CD-1596A1DCAFD0}.Debug|Any CPU.ActiveCfg = Debug|Any CPU
		{DACB5F51-B5B5-485B-96CD-1596A1DCAFD0}.Debug|Any CPU.Build.0 = Debug|Any CPU
		{DACB5F51-B5B5-485B-96CD-1596A1DCAFD0}.Release|Any CPU.ActiveCfg = Release|Any CPU
		{DACB5F51-B5B5-485B-96CD-1596A1DCAFD0}.Release|Any CPU.Build.0 = Release|Any CPU
	EndGlobalSection
	GlobalSection(SolutionProperties) = preSolution
		HideSolutionNode = FALSE
	EndGlobalSection
EndGlobal
